
Microsoft Visual Studio Solution File, Format Version 12.00
# Visual Studio Version 16
VisualStudioVersion = 16.0.30320.27
MinimumVisualStudioVersion = 10.0.40219.1
Project("{9A19103F-16F7-4668-BE54-9A1E7A4F7556}") = "BirdieView", "BirdieView\BirdieView.csproj", "{989BEBE6-8DED-4A10-A9BD-186E2FD39733}"
EndProject
Project("{9A19103F-16F7-4668-BE54-9A1E7A4F7556}") = "BirdieModels", "BirdieModels\BirdieModels.csproj", "{977A27B6-BA76-4E19-BD98-CC466F13BC36}"
EndProject
Project("{9A19103F-16F7-4668-BE54-9A1E7A4F7556}") = "BirdieBusiness", "BirdieBusiness\BirdieBusiness.csproj", "{E80F578C-0999-4BFD-9616-1342E22E8C11}"
EndProject
Project("{FAE04EC0-301F-11D3-BF4B-00C04F79EFBC}") = "BirdieTests", "BirdieTests\BirdieTests.csproj", "{AD26F0A8-E1CB-4405-A29A-27D30607A650}"
EndProject
Global
	GlobalSection(SolutionConfigurationPlatforms) = preSolution
		Debug|Any CPU = Debug|Any CPU
		Release|Any CPU = Release|Any CPU
	EndGlobalSection
	GlobalSection(ProjectConfigurationPlatforms) = postSolution
		{989BEBE6-8DED-4A10-A9BD-186E2FD39733}.Debug|Any CPU.ActiveCfg = Debug|Any CPU
		{989BEBE6-8DED-4A10-A9BD-186E2FD39733}.Debug|Any CPU.Build.0 = Debug|Any CPU
		{989BEBE6-8DED-4A10-A9BD-186E2FD39733}.Release|Any CPU.ActiveCfg = Release|Any CPU
		{989BEBE6-8DED-4A10-A9BD-186E2FD39733}.Release|Any CPU.Build.0 = Release|Any CPU
		{977A27B6-BA76-4E19-BD98-CC466F13BC36}.Debug|Any CPU.ActiveCfg = Debug|Any CPU
		{977A27B6-BA76-4E19-BD98-CC466F13BC36}.Debug|Any CPU.Build.0 = Debug|Any CPU
		{977A27B6-BA76-4E19-BD98-CC466F13BC36}.Release|Any CPU.ActiveCfg = Release|Any CPU
		{977A27B6-BA76-4E19-BD98-CC466F13BC36}.Release|Any CPU.Build.0 = Release|Any CPU
		{E80F578C-0999-4BFD-9616-1342E22E8C11}.Debug|Any CPU.ActiveCfg = Debug|Any CPU
		{E80F578C-0999-4BFD-9616-1342E22E8C11}.Debug|Any CPU.Build.0 = Debug|Any CPU
		{E80F578C-0999-4BFD-9616-1342E22E8C11}.Release|Any CPU.ActiveCfg = Release|Any CPU
		{E80F578C-0999-4BFD-9616-1342E22E8C11}.Release|Any CPU.Build.0 = Release|Any CPU
		{AD26F0A8-E1CB-4405-A29A-27D30607A650}.Debug|Any CPU.ActiveCfg = Debug|Any CPU
		{AD26F0A8-E1CB-4405-A29A-27D30607A650}.Debug|Any CPU.Build.0 = Debug|Any CPU
		{AD26F0A8-E1CB-4405-A29A-27D30607A650}.Release|Any CPU.ActiveCfg = Release|Any CPU
		{AD26F0A8-E1CB-4405-A29A-27D30607A650}.Release|Any CPU.Build.0 = Release|Any CPU
	EndGlobalSection
	GlobalSection(SolutionProperties) = preSolution
		HideSolutionNode = FALSE
	EndGlobalSection
	GlobalSection(ExtensibilityGlobals) = postSolution
		SolutionGuid = {4C34D5B2-D3AA-4965-93D0-E62D3BD75DBC}
	EndGlobalSection
EndGlobal
